
Microsoft Visual Studio Solution File, Format Version 12.00
# Visual Studio 2015
Project("{FAE04EC0-301F-11D3-BF4B-00C04F79EFBC}") = "LTOGame", "LTOGame.csproj", "{87B97DC7-3DD0-7A7C-340A-5B82F846B5EB}"
EndProject
Project("{FAE04EC0-301F-11D3-BF4B-00C04F79EFBC}") = "LTOGame.Plugins", "LTOGame.Plugins.csproj", "{1390F63F-BAA4-D536-4129-F920A7B2C580}"
EndProject
Project("{FAE04EC0-301F-11D3-BF4B-00C04F79EFBC}") = "LTOGame.Editor.Plugins", "LTOGame.Editor.Plugins.csproj", "{DA1FDCF4-381B-B3CC-F6AD-865258316FDC}"
EndProject
Project("{FAE04EC0-301F-11D3-BF4B-00C04F79EFBC}") = "LTOGame.Editor", "LTOGame.Editor.csproj", "{D1320EA3-389F-7083-C2E2-FD2B4AD18A11}"
EndProject
Global
	GlobalSection(SolutionConfigurationPlatforms) = preSolution
		Debug|Any CPU = Debug|Any CPU
		Release|Any CPU = Release|Any CPU
	EndGlobalSection
	GlobalSection(ProjectConfigurationPlatforms) = postSolution
		{87B97DC7-3DD0-7A7C-340A-5B82F846B5EB}.Debug|Any CPU.ActiveCfg = Debug|Any CPU
		{87B97DC7-3DD0-7A7C-340A-5B82F846B5EB}.Debug|Any CPU.Build.0 = Debug|Any CPU
		{87B97DC7-3DD0-7A7C-340A-5B82F846B5EB}.Release|Any CPU.ActiveCfg = Release|Any CPU
		{87B97DC7-3DD0-7A7C-340A-5B82F846B5EB}.Release|Any CPU.Build.0 = Release|Any CPU
		{1390F63F-BAA4-D536-4129-F920A7B2C580}.Debug|Any CPU.ActiveCfg = Debug|Any CPU
		{1390F63F-BAA4-D536-4129-F920A7B2C580}.Debug|Any CPU.Build.0 = Debug|Any CPU
		{1390F63F-BAA4-D536-4129-F920A7B2C580}.Release|Any CPU.ActiveCfg = Release|Any CPU
		{1390F63F-BAA4-D536-4129-F920A7B2C580}.Release|Any CPU.Build.0 = Release|Any CPU
		{DA1FDCF4-381B-B3CC-F6AD-865258316FDC}.Debug|Any CPU.ActiveCfg = Debug|Any CPU
		{DA1FDCF4-381B-B3CC-F6AD-865258316FDC}.Debug|Any CPU.Build.0 = Debug|Any CPU
		{DA1FDCF4-381B-B3CC-F6AD-865258316FDC}.Release|Any CPU.ActiveCfg = Release|Any CPU
		{DA1FDCF4-381B-B3CC-F6AD-865258316FDC}.Release|Any CPU.Build.0 = Release|Any CPU
		{D1320EA3-389F-7083-C2E2-FD2B4AD18A11}.Debug|Any CPU.ActiveCfg = Debug|Any CPU
		{D1320EA3-389F-7083-C2E2-FD2B4AD18A11}.Debug|Any CPU.Build.0 = Debug|Any CPU
		{D1320EA3-389F-7083-C2E2-FD2B4AD18A11}.Release|Any CPU.ActiveCfg = Release|Any CPU
		{D1320EA3-389F-7083-C2E2-FD2B4AD18A11}.Release|Any CPU.Build.0 = Release|Any CPU
	EndGlobalSection
	GlobalSection(SolutionProperties) = preSolution
		HideSolutionNode = FALSE
	EndGlobalSection
EndGlobal
